
Microsoft Visual Studio Solution File, Format Version 12.00
# Visual Studio Version 16
VisualStudioVersion = 16.0.29324.140
MinimumVisualStudioVersion = 10.0.40219.1
Project("{FAE04EC0-301F-11D3-BF4B-00C04F79EFBC}") = "EmailBox", "EmailBox\EmailBox.csproj", "{11B09796-F039-4586-99E2-7BDA5CC3872C}"
EndProject
Global
	GlobalSection(SolutionConfigurationPlatforms) = preSolution
		Debug|Any CPU = Debug|Any CPU
		Release|Any CPU = Release|Any CPU
	EndGlobalSection
	GlobalSection(ProjectConfigurationPlatforms) = postSolution
		{11B09796-F039-4586-99E2-7BDA5CC3872C}.Debug|Any CPU.ActiveCfg = Debug|Any CPU
		{11B09796-F039-4586-99E2-7BDA5CC3872C}.Debug|Any CPU.Build.0 = Debug|Any CPU
		{11B09796-F039-4586-99E2-7BDA5CC3872C}.Release|Any CPU.ActiveCfg = Release|Any CPU
		{11B09796-F039-4586-99E2-7BDA5CC3872C}.Release|Any CPU.Build.0 = Release|Any CPU
	EndGlobalSection
	GlobalSection(SolutionProperties) = preSolution
		HideSolutionNode = FALSE
	EndGlobalSection
	GlobalSection(ExtensibilityGlobals) = postSolution
		SolutionGuid = {893726AB-8667-4A44-BB52-57031E25B0A6}
	EndGlobalSection
EndGlobal
